// !$*UTF8*$!
{
	archiveVersion = 1;
	classes = {
	};
	objectVersion = 56;
	objects = {

/* Begin PBXBuildFile section */
		EF7ED5F02B14FB54001FCD09 /* hopeendApp.swift in Sources */ = {isa = PBXBuildFile; fileRef = EF7ED5EF2B14FB54001FCD09 /* hopeendApp.swift */; };
		EF7ED5F22B14FB54001FCD09 /* ContentView.swift in Sources */ = {isa = PBXBuildFile; fileRef = EF7ED5F12B14FB54001FCD09 /* ContentView.swift */; };
		EF7ED5F42B14FB58001FCD09 /* Assets.xcassets in Resources */ = {isa = PBXBuildFile; fileRef = EF7ED5F32B14FB58001FCD09 /* Assets.xcassets */; };
		EF7ED5F72B14FB58001FCD09 /* Preview Assets.xcassets in Resources */ = {isa = PBXBuildFile; fileRef = EF7ED5F62B14FB58001FCD09 /* Preview Assets.xcassets */; };
		EF9F65692B17CEA500FB5363 /* InputField.swift in Sources */ = {isa = PBXBuildFile; fileRef = EF9F65682B17CEA500FB5363 /* InputField.swift */; };
		EF9F656B2B17CF9200FB5363 /* InputFieldModel.swift in Sources */ = {isa = PBXBuildFile; fileRef = EF9F656A2B17CF9200FB5363 /* InputFieldModel.swift */; };
		EF9F656D2B17CFEA00FB5363 /* Loader.swift in Sources */ = {isa = PBXBuildFile; fileRef = EF9F656C2B17CFEA00FB5363 /* Loader.swift */; };
		EF9F656F2B17D01500FB5363 /* LoaderModifier.swift in Sources */ = {isa = PBXBuildFile; fileRef = EF9F656E2B17D01500FB5363 /* LoaderModifier.swift */; };
		EF9F65732B17D0EB00FB5363 /* StyledButton.swift in Sources */ = {isa = PBXBuildFile; fileRef = EF9F65722B17D0EB00FB5363 /* StyledButton.swift */; };
		EF9F65772B17D17B00FB5363 /* StyledButtonStyle+Default.swift in Sources */ = {isa = PBXBuildFile; fileRef = EF9F65762B17D17B00FB5363 /* StyledButtonStyle+Default.swift */; };
		EF9F65792B17D1A400FB5363 /* StyledButtonStyle.swift in Sources */ = {isa = PBXBuildFile; fileRef = EF9F65782B17D1A400FB5363 /* StyledButtonStyle.swift */; };
		EF9F657B2B17D1E900FB5363 /* Assets.swift in Sources */ = {isa = PBXBuildFile; fileRef = EF9F657A2B17D1E900FB5363 /* Assets.swift */; };
		EF9F657D2B17D21400FB5363 /* Strings.swift in Sources */ = {isa = PBXBuildFile; fileRef = EF9F657C2B17D21400FB5363 /* Strings.swift */; };
/* End PBXBuildFile section */

/* Begin PBXFileReference section */
		EF7ED5EC2B14FB54001FCD09 /* hopeend.app */ = {isa = PBXFileReference; explicitFileType = wrapper.application; includeInIndex = 0; path = hopeend.app; sourceTree = BUILT_PRODUCTS_DIR; };
		EF7ED5EF2B14FB54001FCD09 /* hopeendApp.swift */ = {isa = PBXFileReference; lastKnownFileType = sourcecode.swift; path = hopeendApp.swift; sourceTree = "<group>"; };
		EF7ED5F12B14FB54001FCD09 /* ContentView.swift */ = {isa = PBXFileReference; lastKnownFileType = sourcecode.swift; path = ContentView.swift; sourceTree = "<group>"; };
		EF7ED5F32B14FB58001FCD09 /* Assets.xcassets */ = {isa = PBXFileReference; lastKnownFileType = folder.assetcatalog; path = Assets.xcassets; sourceTree = "<group>"; };
		EF7ED5F62B14FB58001FCD09 /* Preview Assets.xcassets */ = {isa = PBXFileReference; lastKnownFileType = folder.assetcatalog; path = "Preview Assets.xcassets"; sourceTree = "<group>"; };
		EF9F65682B17CEA500FB5363 /* InputField.swift */ = {isa = PBXFileReference; lastKnownFileType = sourcecode.swift; path = InputField.swift; sourceTree = "<group>"; };
		EF9F656A2B17CF9200FB5363 /* InputFieldModel.swift */ = {isa = PBXFileReference; lastKnownFileType = sourcecode.swift; path = InputFieldModel.swift; sourceTree = "<group>"; };
		EF9F656C2B17CFEA00FB5363 /* Loader.swift */ = {isa = PBXFileReference; lastKnownFileType = sourcecode.swift; path = Loader.swift; sourceTree = "<group>"; };
		EF9F656E2B17D01500FB5363 /* LoaderModifier.swift */ = {isa = PBXFileReference; lastKnownFileType = sourcecode.swift; path = LoaderModifier.swift; sourceTree = "<group>"; };
		EF9F65722B17D0EB00FB5363 /* StyledButton.swift */ = {isa = PBXFileReference; lastKnownFileType = sourcecode.swift; path = StyledButton.swift; sourceTree = "<group>"; };
		EF9F65762B17D17B00FB5363 /* StyledButtonStyle+Default.swift */ = {isa = PBXFileReference; lastKnownFileType = sourcecode.swift; path = "StyledButtonStyle+Default.swift"; sourceTree = "<group>"; };
		EF9F65782B17D1A400FB5363 /* StyledButtonStyle.swift */ = {isa = PBXFileReference; lastKnownFileType = sourcecode.swift; path = StyledButtonStyle.swift; sourceTree = "<group>"; };
		EF9F657A2B17D1E900FB5363 /* Assets.swift */ = {isa = PBXFileReference; lastKnownFileType = sourcecode.swift; path = Assets.swift; sourceTree = "<group>"; };
		EF9F657C2B17D21400FB5363 /* Strings.swift */ = {isa = PBXFileReference; lastKnownFileType = sourcecode.swift; path = Strings.swift; sourceTree = "<group>"; };
/* End PBXFileReference section */

/* Begin PBXFrameworksBuildPhase section */
		EF7ED5E92B14FB54001FCD09 /* Frameworks */ = {
			isa = PBXFrameworksBuildPhase;
			buildActionMask = 2147483647;
			files = (
			);
			runOnlyForDeploymentPostprocessing = 0;
		};
/* End PBXFrameworksBuildPhase section */

/* Begin PBXGroup section */
		EF7ED5E32B14FB54001FCD09 = {
			isa = PBXGroup;
			children = (
				EF7ED5EE2B14FB54001FCD09 /* hopeend */,
				EF7ED5ED2B14FB54001FCD09 /* Products */,
			);
			sourceTree = "<group>";
		};
		EF7ED5ED2B14FB54001FCD09 /* Products */ = {
			isa = PBXGroup;
			children = (
				EF7ED5EC2B14FB54001FCD09 /* hopeend.app */,
			);
			name = Products;
			sourceTree = "<group>";
		};
		EF7ED5EE2B14FB54001FCD09 /* hopeend */ = {
			isa = PBXGroup;
			children = (
				EF7ED5FD2B14FC25001FCD09 /* Classes */,
				EF7ED5FF2B14FC63001FCD09 /* Resources */,
				EF7ED5EF2B14FB54001FCD09 /* hopeendApp.swift */,
				EF7ED5F52B14FB58001FCD09 /* Preview Content */,
			);
			path = hopeend;
			sourceTree = "<group>";
		};
		EF7ED5F52B14FB58001FCD09 /* Preview Content */ = {
			isa = PBXGroup;
			children = (
				EF7ED5F12B14FB54001FCD09 /* ContentView.swift */,
				EF7ED5F62B14FB58001FCD09 /* Preview Assets.xcassets */,
			);
			path = "Preview Content";
			sourceTree = "<group>";
		};
		EF7ED5FD2B14FC25001FCD09 /* Classes */ = {
			isa = PBXGroup;
			children = (
				EF7ED60D2B15041F001FCD09 /* Models */,
				EF7ED6002B14FC9C001FCD09 /* Generated */,
				EF7ED6012B14FCA8001FCD09 /* UI */,
				EF7ED6022B14FCB1001FCD09 /* Business */,
				EF7ED5FE2B14FC4A001FCD09 /* Modules */,
			);
			path = Classes;
			sourceTree = "<group>";
		};
		EF7ED5FE2B14FC4A001FCD09 /* Modules */ = {
			isa = PBXGroup;
			children = (
				EF7ED6092B14FDE3001FCD09 /* Registration */,
				EF7ED60A2B14FE02001FCD09 /* List */,
				EF7ED60B2B150290001FCD09 /* Auth */,
			);
			path = Modules;
			sourceTree = "<group>";
		};
		EF7ED5FF2B14FC63001FCD09 /* Resources */ = {
			isa = PBXGroup;
			children = (
				EF7ED5F32B14FB58001FCD09 /* Assets.xcassets */,
			);
			path = Resources;
			sourceTree = "<group>";
		};
		EF7ED6002B14FC9C001FCD09 /* Generated */ = {
			isa = PBXGroup;
			children = (
				EF9F657A2B17D1E900FB5363 /* Assets.swift */,
				EF9F657C2B17D21400FB5363 /* Strings.swift */,
			);
			path = Generated;
			sourceTree = "<group>";
		};
		EF7ED6012B14FCA8001FCD09 /* UI */ = {
			isa = PBXGroup;
			children = (
				EF7ED6032B14FCD6001FCD09 /* Typography */,
				EF7ED6042B14FCF3001FCD09 /* Loader */,
				EF7ED6062B14FD0B001FCD09 /* InputField */,
				EF7ED6052B14FCFC001FCD09 /* StyledButton */,
			);
			path = UI;
			sourceTree = "<group>";
		};
		EF7ED6022B14FCB1001FCD09 /* Business */ = {
			isa = PBXGroup;
			children = (
				EF7ED6082B14FD38001FCD09 /* Network */,
				EF7ED6072B14FD2C001FCD09 /* Factory */,
			);
			path = Business;
			sourceTree = "<group>";
		};
		EF7ED6032B14FCD6001FCD09 /* Typography */ = {
			isa = PBXGroup;
			children = (
			);
			path = Typography;
			sourceTree = "<group>";
		};
		EF7ED6042B14FCF3001FCD09 /* Loader */ = {
			isa = PBXGroup;
			children = (
				EF9F656C2B17CFEA00FB5363 /* Loader.swift */,
				EF9F656E2B17D01500FB5363 /* LoaderModifier.swift */,
			);
			path = Loader;
			sourceTree = "<group>";
		};
		EF7ED6052B14FCFC001FCD09 /* StyledButton */ = {
			isa = PBXGroup;
			children = (
				EF9F65722B17D0EB00FB5363 /* StyledButton.swift */,
				EF9F65762B17D17B00FB5363 /* StyledButtonStyle+Default.swift */,
				EF9F65782B17D1A400FB5363 /* StyledButtonStyle.swift */,
			);
			path = StyledButton;
			sourceTree = "<group>";
		};
		EF7ED6062B14FD0B001FCD09 /* InputField */ = {
			isa = PBXGroup;
			children = (
				EF9F65682B17CEA500FB5363 /* InputField.swift */,
				EF9F656A2B17CF9200FB5363 /* InputFieldModel.swift */,
			);
			path = InputField;
			sourceTree = "<group>";
		};
		EF7ED6072B14FD2C001FCD09 /* Factory */ = {
			isa = PBXGroup;
			children = (
			);
			path = Factory;
			sourceTree = "<group>";
		};
		EF7ED6082B14FD38001FCD09 /* Network */ = {
			isa = PBXGroup;
			children = (
			);
			path = Network;
			sourceTree = "<group>";
		};
		EF7ED6092B14FDE3001FCD09 /* Registration */ = {
			isa = PBXGroup;
			children = (
			);
			path = Registration;
			sourceTree = "<group>";
		};
		EF7ED60A2B14FE02001FCD09 /* List */ = {
			isa = PBXGroup;
			children = (
				EF7ED60E2B150474001FCD09 /* Models */,
			);
			path = List;
			sourceTree = "<group>";
		};
		EF7ED60B2B150290001FCD09 /* Auth */ = {
			isa = PBXGroup;
			children = (
				EF7ED60C2B15032C001FCD09 /* Models */,
			);
			path = Auth;
			sourceTree = "<group>";
		};
		EF7ED60C2B15032C001FCD09 /* Models */ = {
			isa = PBXGroup;
			children = (
			);
			path = Models;
			sourceTree = "<group>";
		};
		EF7ED60D2B15041F001FCD09 /* Models */ = {
			isa = PBXGroup;
			children = (
			);
			path = Models;
			sourceTree = "<group>";
		};
		EF7ED60E2B150474001FCD09 /* Models */ = {
			isa = PBXGroup;
			children = (
			);
			path = Models;
			sourceTree = "<group>";
		};
/* End PBXGroup section */

/* Begin PBXNativeTarget section */
		EF7ED5EB2B14FB54001FCD09 /* hopeend */ = {
			isa = PBXNativeTarget;
			buildConfigurationList = EF7ED5FA2B14FB58001FCD09 /* Build configuration list for PBXNativeTarget "hopeend" */;
			buildPhases = (
				EF7ED5E82B14FB54001FCD09 /* Sources */,
				EF7ED5E92B14FB54001FCD09 /* Frameworks */,
				EF7ED5EA2B14FB54001FCD09 /* Resources */,
			);
			buildRules = (
			);
			dependencies = (
			);
			name = hopeend;
			productName = hopeend;
			productReference = EF7ED5EC2B14FB54001FCD09 /* hopeend.app */;
			productType = "com.apple.product-type.application";
		};
/* End PBXNativeTarget section */

/* Begin PBXProject section */
		EF7ED5E42B14FB54001FCD09 /* Project object */ = {
			isa = PBXProject;
			attributes = {
				BuildIndependentTargetsInParallel = 1;
				LastSwiftUpdateCheck = 1430;
				LastUpgradeCheck = 1430;
				TargetAttributes = {
					EF7ED5EB2B14FB54001FCD09 = {
						CreatedOnToolsVersion = 14.3.1;
					};
				};
			};
			buildConfigurationList = EF7ED5E72B14FB54001FCD09 /* Build configuration list for PBXProject "hopeend" */;
			compatibilityVersion = "Xcode 14.0";
			developmentRegion = en;
			hasScannedForEncodings = 0;
			knownRegions = (
				en,
				Base,
			);
			mainGroup = EF7ED5E32B14FB54001FCD09;
			productRefGroup = EF7ED5ED2B14FB54001FCD09 /* Products */;
			projectDirPath = "";
			projectRoot = "";
			targets = (
				EF7ED5EB2B14FB54001FCD09 /* hopeend */,
			);
		};
/* End PBXProject section */

/* Begin PBXResourcesBuildPhase section */
		EF7ED5EA2B14FB54001FCD09 /* Resources */ = {
			isa = PBXResourcesBuildPhase;
			buildActionMask = 2147483647;
			files = (
				EF7ED5F72B14FB58001FCD09 /* Preview Assets.xcassets in Resources */,
				EF7ED5F42B14FB58001FCD09 /* Assets.xcassets in Resources */,
			);
			runOnlyForDeploymentPostprocessing = 0;
		};
/* End PBXResourcesBuildPhase section */

/* Begin PBXSourcesBuildPhase section */
		EF7ED5E82B14FB54001FCD09 /* Sources */ = {
			isa = PBXSourcesBuildPhase;
			buildActionMask = 2147483647;
			files = (
				EF7ED5F22B14FB54001FCD09 /* ContentView.swift in Sources */,
				EF9F657D2B17D21400FB5363 /* Strings.swift in Sources */,
				EF9F656B2B17CF9200FB5363 /* InputFieldModel.swift in Sources */,
				EF7ED5F02B14FB54001FCD09 /* hopeendApp.swift in Sources */,
				EF9F65792B17D1A400FB5363 /* StyledButtonStyle.swift in Sources */,
				EF9F65692B17CEA500FB5363 /* InputField.swift in Sources */,
				EF9F65772B17D17B00FB5363 /* StyledButtonStyle+Default.swift in Sources */,
				EF9F656D2B17CFEA00FB5363 /* Loader.swift in Sources */,
				EF9F65732B17D0EB00FB5363 /* StyledButton.swift in Sources */,
				EF9F657B2B17D1E900FB5363 /* Assets.swift in Sources */,
				EF9F656F2B17D01500FB5363 /* LoaderModifier.swift in Sources */,
			);
			runOnlyForDeploymentPostprocessing = 0;
		};
/* End PBXSourcesBuildPhase section */

/* Begin XCBuildConfiguration section */
		EF7ED5F82B14FB58001FCD09 /* Debug */ = {
			isa = XCBuildConfiguration;
			buildSettings = {
				ALWAYS_SEARCH_USER_PATHS = NO;
				CLANG_ANALYZER_NONNULL = YES;
				CLANG_ANALYZER_NUMBER_OBJECT_CONVERSION = YES_AGGRESSIVE;
				CLANG_CXX_LANGUAGE_STANDARD = "gnu++20";
				CLANG_ENABLE_MODULES = YES;
				CLANG_ENABLE_OBJC_ARC = YES;
				CLANG_ENABLE_OBJC_WEAK = YES;
				CLANG_WARN_BLOCK_CAPTURE_AUTORELEASING = YES;
				CLANG_WARN_BOOL_CONVERSION = YES;
				CLANG_WARN_COMMA = YES;
				CLANG_WARN_CONSTANT_CONVERSION = YES;
				CLANG_WARN_DEPRECATED_OBJC_IMPLEMENTATIONS = YES;
				CLANG_WARN_DIRECT_OBJC_ISA_USAGE = YES_ERROR;
				CLANG_WARN_DOCUMENTATION_COMMENTS = YES;
				CLANG_WARN_EMPTY_BODY = YES;
				CLANG_WARN_ENUM_CONVERSION = YES;
				CLANG_WARN_INFINITE_RECURSION = YES;
				CLANG_WARN_INT_CONVERSION = YES;
				CLANG_WARN_NON_LITERAL_NULL_CONVERSION = YES;
				CLANG_WARN_OBJC_IMPLICIT_RETAIN_SELF = YES;
				CLANG_WARN_OBJC_LITERAL_CONVERSION = YES;
				CLANG_WARN_OBJC_ROOT_CLASS = YES_ERROR;
				CLANG_WARN_QUOTED_INCLUDE_IN_FRAMEWORK_HEADER = YES;
				CLANG_WARN_RANGE_LOOP_ANALYSIS = YES;
				CLANG_WARN_STRICT_PROTOTYPES = YES;
				CLANG_WARN_SUSPICIOUS_MOVE = YES;
				CLANG_WARN_UNGUARDED_AVAILABILITY = YES_AGGRESSIVE;
				CLANG_WARN_UNREACHABLE_CODE = YES;
				CLANG_WARN__DUPLICATE_METHOD_MATCH = YES;
				COPY_PHASE_STRIP = NO;
				DEBUG_INFORMATION_FORMAT = dwarf;
				ENABLE_STRICT_OBJC_MSGSEND = YES;
				ENABLE_TESTABILITY = YES;
				GCC_C_LANGUAGE_STANDARD = gnu11;
				GCC_DYNAMIC_NO_PIC = NO;
				GCC_NO_COMMON_BLOCKS = YES;
				GCC_OPTIMIZATION_LEVEL = 0;
				GCC_PREPROCESSOR_DEFINITIONS = (
					"DEBUG=1",
					"$(inherited)",
				);
				GCC_WARN_64_TO_32_BIT_CONVERSION = YES;
				GCC_WARN_ABOUT_RETURN_TYPE = YES_ERROR;
				GCC_WARN_UNDECLARED_SELECTOR = YES;
				GCC_WARN_UNINITIALIZED_AUTOS = YES_AGGRESSIVE;
				GCC_WARN_UNUSED_FUNCTION = YES;
				GCC_WARN_UNUSED_VARIABLE = YES;
				IPHONEOS_DEPLOYMENT_TARGET = 16.4;
				MTL_ENABLE_DEBUG_INFO = INCLUDE_SOURCE;
				MTL_FAST_MATH = YES;
				ONLY_ACTIVE_ARCH = YES;
				SDKROOT = iphoneos;
				SWIFT_ACTIVE_COMPILATION_CONDITIONS = DEBUG;
				SWIFT_OPTIMIZATION_LEVEL = "-Onone";
			};
			name = Debug;
		};
		EF7ED5F92B14FB58001FCD09 /* Release */ = {
			isa = XCBuildConfiguration;
			buildSettings = {
				ALWAYS_SEARCH_USER_PATHS = NO;
				CLANG_ANALYZER_NONNULL = YES;
				CLANG_ANALYZER_NUMBER_OBJECT_CONVERSION = YES_AGGRESSIVE;
				CLANG_CXX_LANGUAGE_STANDARD = "gnu++20";
				CLANG_ENABLE_MODULES = YES;
				CLANG_ENABLE_OBJC_ARC = YES;
				CLANG_ENABLE_OBJC_WEAK = YES;
				CLANG_WARN_BLOCK_CAPTURE_AUTORELEASING = YES;
				CLANG_WARN_BOOL_CONVERSION = YES;
				CLANG_WARN_COMMA = YES;
				CLANG_WARN_CONSTANT_CONVERSION = YES;
				CLANG_WARN_DEPRECATED_OBJC_IMPLEMENTATIONS = YES;
				CLANG_WARN_DIRECT_OBJC_ISA_USAGE = YES_ERROR;
				CLANG_WARN_DOCUMENTATION_COMMENTS = YES;
				CLANG_WARN_EMPTY_BODY = YES;
				CLANG_WARN_ENUM_CONVERSION = YES;
				CLANG_WARN_INFINITE_RECURSION = YES;
				CLANG_WARN_INT_CONVERSION = YES;
				CLANG_WARN_NON_LITERAL_NULL_CONVERSION = YES;
				CLANG_WARN_OBJC_IMPLICIT_RETAIN_SELF = YES;
				CLANG_WARN_OBJC_LITERAL_CONVERSION = YES;
				CLANG_WARN_OBJC_ROOT_CLASS = YES_ERROR;
				CLANG_WARN_QUOTED_INCLUDE_IN_FRAMEWORK_HEADER = YES;
				CLANG_WARN_RANGE_LOOP_ANALYSIS = YES;
				CLANG_WARN_STRICT_PROTOTYPES = YES;
				CLANG_WARN_SUSPICIOUS_MOVE = YES;
				CLANG_WARN_UNGUARDED_AVAILABILITY = YES_AGGRESSIVE;
				CLANG_WARN_UNREACHABLE_CODE = YES;
				CLANG_WARN__DUPLICATE_METHOD_MATCH = YES;
				COPY_PHASE_STRIP = NO;
				DEBUG_INFORMATION_FORMAT = "dwarf-with-dsym";
				ENABLE_NS_ASSERTIONS = NO;
				ENABLE_STRICT_OBJC_MSGSEND = YES;
				GCC_C_LANGUAGE_STANDARD = gnu11;
				GCC_NO_COMMON_BLOCKS = YES;
				GCC_WARN_64_TO_32_BIT_CONVERSION = YES;
				GCC_WARN_ABOUT_RETURN_TYPE = YES_ERROR;
				GCC_WARN_UNDECLARED_SELECTOR = YES;
				GCC_WARN_UNINITIALIZED_AUTOS = YES_AGGRESSIVE;
				GCC_WARN_UNUSED_FUNCTION = YES;
				GCC_WARN_UNUSED_VARIABLE = YES;
				IPHONEOS_DEPLOYMENT_TARGET = 16.4;
				MTL_ENABLE_DEBUG_INFO = NO;
				MTL_FAST_MATH = YES;
				SDKROOT = iphoneos;
				SWIFT_COMPILATION_MODE = wholemodule;
				SWIFT_OPTIMIZATION_LEVEL = "-O";
				VALIDATE_PRODUCT = YES;
			};
			name = Release;
		};
		EF7ED5FB2B14FB58001FCD09 /* Debug */ = {
			isa = XCBuildConfiguration;
			buildSettings = {
				ASSETCATALOG_COMPILER_APPICON_NAME = AppIcon;
				ASSETCATALOG_COMPILER_GLOBAL_ACCENT_COLOR_NAME = AccentColor;
				CODE_SIGN_STYLE = Automatic;
				CURRENT_PROJECT_VERSION = 1;
				DEVELOPMENT_ASSET_PATHS = "\"hopeend/Preview Content\"";
				ENABLE_PREVIEWS = YES;
				GENERATE_INFOPLIST_FILE = YES;
				INFOPLIST_KEY_UIApplicationSceneManifest_Generation = YES;
				INFOPLIST_KEY_UIApplicationSupportsIndirectInputEvents = YES;
				INFOPLIST_KEY_UILaunchScreen_Generation = YES;
				INFOPLIST_KEY_UISupportedInterfaceOrientations_iPad = "UIInterfaceOrientationPortrait UIInterfaceOrientationPortraitUpsideDown UIInterfaceOrientationLandscapeLeft UIInterfaceOrientationLandscapeRight";
				INFOPLIST_KEY_UISupportedInterfaceOrientations_iPhone = "UIInterfaceOrientationPortrait UIInterfaceOrientationLandscapeLeft UIInterfaceOrientationLandscapeRight";
				LD_RUNPATH_SEARCH_PATHS = (
					"$(inherited)",
					"@executable_path/Frameworks",
				);
				MARKETING_VERSION = 1.0;
				PRODUCT_BUNDLE_IDENTIFIER = handh.ru.hopeend;
				PRODUCT_NAME = "$(TARGET_NAME)";
				SWIFT_EMIT_LOC_STRINGS = YES;
				SWIFT_VERSION = 5.0;
				TARGETED_DEVICE_FAMILY = "1,2";
			};
			name = Debug;
		};
		EF7ED5FC2B14FB58001FCD09 /* Release */ = {
			isa = XCBuildConfiguration;
			buildSettings = {
				ASSETCATALOG_COMPILER_APPICON_NAME = AppIcon;
				ASSETCATALOG_COMPILER_GLOBAL_ACCENT_COLOR_NAME = AccentColor;
				CODE_SIGN_STYLE = Automatic;
				CURRENT_PROJECT_VERSION = 1;
				DEVELOPMENT_ASSET_PATHS = "\"hopeend/Preview Content\"";
				ENABLE_PREVIEWS = YES;
				GENERATE_INFOPLIST_FILE = YES;
				INFOPLIST_KEY_UIApplicationSceneManifest_Generation = YES;
				INFOPLIST_KEY_UIApplicationSupportsIndirectInputEvents = YES;
				INFOPLIST_KEY_UILaunchScreen_Generation = YES;
				INFOPLIST_KEY_UISupportedInterfaceOrientations_iPad = "UIInterfaceOrientationPortrait UIInterfaceOrientationPortraitUpsideDown UIInterfaceOrientationLandscapeLeft UIInterfaceOrientationLandscapeRight";
				INFOPLIST_KEY_UISupportedInterfaceOrientations_iPhone = "UIInterfaceOrientationPortrait UIInterfaceOrientationLandscapeLeft UIInterfaceOrientationLandscapeRight";
				LD_RUNPATH_SEARCH_PATHS = (
					"$(inherited)",
					"@executable_path/Frameworks",
				);
				MARKETING_VERSION = 1.0;
				PRODUCT_BUNDLE_IDENTIFIER = handh.ru.hopeend;
				PRODUCT_NAME = "$(TARGET_NAME)";
				SWIFT_EMIT_LOC_STRINGS = YES;
				SWIFT_VERSION = 5.0;
				TARGETED_DEVICE_FAMILY = "1,2";
			};
			name = Release;
		};
/* End XCBuildConfiguration section */

/* Begin XCConfigurationList section */
		EF7ED5E72B14FB54001FCD09 /* Build configuration list for PBXProject "hopeend" */ = {
			isa = XCConfigurationList;
			buildConfigurations = (
				EF7ED5F82B14FB58001FCD09 /* Debug */,
				EF7ED5F92B14FB58001FCD09 /* Release */,
			);
			defaultConfigurationIsVisible = 0;
			defaultConfigurationName = Release;
		};
		EF7ED5FA2B14FB58001FCD09 /* Build configuration list for PBXNativeTarget "hopeend" */ = {
			isa = XCConfigurationList;
			buildConfigurations = (
				EF7ED5FB2B14FB58001FCD09 /* Debug */,
				EF7ED5FC2B14FB58001FCD09 /* Release */,
			);
			defaultConfigurationIsVisible = 0;
			defaultConfigurationName = Release;
		};
/* End XCConfigurationList section */
	};
	rootObject = EF7ED5E42B14FB54001FCD09 /* Project object */;
}
